
Microsoft Visual Studio Solution File, Format Version 12.00
# Visual Studio Version 16
VisualStudioVersion = 16.0.30804.86
MinimumVisualStudioVersion = 10.0.40219.1
Project("{FAE04EC0-301F-11D3-BF4B-00C04F79EFBC}") = "CalcularIdadeMedia", "CalcularIdadeMedia\CalcularIdadeMedia.csproj", "{0F1B0A6E-9915-4638-8661-3A942EAC289E}"
EndProject
Global
	GlobalSection(SolutionConfigurationPlatforms) = preSolution
		Debug|Any CPU = Debug|Any CPU
		Release|Any CPU = Release|Any CPU
	EndGlobalSection
	GlobalSection(ProjectConfigurationPlatforms) = postSolution
		{0F1B0A6E-9915-4638-8661-3A942EAC289E}.Debug|Any CPU.ActiveCfg = Debug|Any CPU
		{0F1B0A6E-9915-4638-8661-3A942EAC289E}.Debug|Any CPU.Build.0 = Debug|Any CPU
		{0F1B0A6E-9915-4638-8661-3A942EAC289E}.Release|Any CPU.ActiveCfg = Release|Any CPU
		{0F1B0A6E-9915-4638-8661-3A942EAC289E}.Release|Any CPU.Build.0 = Release|Any CPU
	EndGlobalSection
	GlobalSection(SolutionProperties) = preSolution
		HideSolutionNode = FALSE
	EndGlobalSection
	GlobalSection(ExtensibilityGlobals) = postSolution
		SolutionGuid = {2715891A-C7B0-4157-A721-62724FBC0674}
	EndGlobalSection
EndGlobal
